{
    "name": "2048",
    "lockfileVersion": 2,
    "requires": true,
    "packages": {
        "": {
            "devDependencies": {
                "teseract": "git://github.com/sirikon/teseract.git",
                "typescript": "^4.2.4"
            }
        },
        "node_modules/esbuild": {
            "version": "0.11.12",
            "resolved": "https://registry.npmjs.org/esbuild/-/esbuild-0.11.12.tgz",
            "integrity": "sha512-c8cso/1RwVj+fbDvLtUgSG4ZJQ0y9Zdrl6Ot/GAjyy4pdMCHaFnDMts5gqFnWRPLajWtEnI+3hlET4R9fVoZng==",
            "dev": true,
            "hasInstallScript": true,
            "bin": {
                "esbuild": "bin/esbuild"
            }
        },
        "node_modules/teseract": {
            "version": "1.0.0",
            "resolved": "git+ssh://git@github.com/sirikon/teseract.git#b548853bd8cfad4d98fc93d218fc6ce4aac020f2",
            "dev": true,
            "license": "GPL-3.0",
            "dependencies": {
                "esbuild": "^0.11.12"
            },
            "bin": {
                "teseract": "bin/teseract.js"
            }
        },
        "node_modules/typescript": {
            "version": "4.2.4",
            "resolved": "https://registry.npmjs.org/typescript/-/typescript-4.2.4.tgz",
            "integrity": "sha512-V+evlYHZnQkaz8TRBuxTA92yZBPotr5H+WhQ7bD3hZUndx5tGOa1fuCgeSjxAzM1RiN5IzvadIXTVefuuwZCRg==",
            "dev": true,
            "bin": {
                "tsc": "bin/tsc",
                "tsserver": "bin/tsserver"
            },
            "engines": {
                "node": ">=4.2.0"
            }
        }
    },
    "dependencies": {
        "esbuild": {
            "version": "0.11.12",
            "resolved": "https://registry.npmjs.org/esbuild/-/esbuild-0.11.12.tgz",
            "integrity": "sha512-c8cso/1RwVj+fbDvLtUgSG4ZJQ0y9Zdrl6Ot/GAjyy4pdMCHaFnDMts5gqFnWRPLajWtEnI+3hlET4R9fVoZng==",
            "dev": true
        },
        "teseract": {
            "version": "git+ssh://git@github.com/sirikon/teseract.git#b548853bd8cfad4d98fc93d218fc6ce4aac020f2",
            "dev": true,
            "from": "teseract@git://github.com/sirikon/teseract.git",
            "requires": {
                "esbuild": "^0.11.12"
            }
        },
        "typescript": {
            "version": "4.2.4",
            "resolved": "https://registry.npmjs.org/typescript/-/typescript-4.2.4.tgz",
            "integrity": "sha512-V+evlYHZnQkaz8TRBuxTA92yZBPotr5H+WhQ7bD3hZUndx5tGOa1fuCgeSjxAzM1RiN5IzvadIXTVefuuwZCRg==",
            "dev": true
        }
    }
}
